// !$*UTF8*$!
{
	archiveVersion = 1;
	classes = {
	};
	objectVersion = 77;
	objects = {

/* Begin PBXBuildFile section */
		66924E592C6C8BA100088B66 /* XPCRecordAgent in Agent Bin */ = {isa = PBXBuildFile; fileRef = 66924E412C6C8A7E00088B66 /* XPCRecordAgent */; settings = {ATTRIBUTES = (CodeSignOnCopy, ); }; };
		66FA36712C6CB04700ED2B75 /* SecureXPC in Frameworks */ = {isa = PBXBuildFile; productRef = 66FA36702C6CB04700ED2B75 /* SecureXPC */; };
		66FA36732C6CB05300ED2B75 /* SecureXPC in Frameworks */ = {isa = PBXBuildFile; productRef = 66FA36722C6CB05300ED2B75 /* SecureXPC */; };
/* End PBXBuildFile section */

/* Begin PBXCopyFilesBuildPhase section */
		66924E3F2C6C8A7E00088B66 /* CopyFiles */ = {
			isa = PBXCopyFilesBuildPhase;
			buildActionMask = 2147483647;
			dstPath = /usr/share/man/man1/;
			dstSubfolderSpec = 0;
			files = (
			);
			runOnlyForDeploymentPostprocessing = 1;
		};
		66924E542C6C8B6600088B66 /* Agent Plist */ = {
			isa = PBXCopyFilesBuildPhase;
			buildActionMask = 2147483647;
			dstPath = Contents/Library/LaunchAgents;
			dstSubfolderSpec = 1;
			files = (
			);
			name = "Agent Plist";
			runOnlyForDeploymentPostprocessing = 0;
		};
		66924E582C6C8B9700088B66 /* Agent Bin */ = {
			isa = PBXCopyFilesBuildPhase;
			buildActionMask = 2147483647;
			dstPath = "";
			dstSubfolderSpec = 6;
			files = (
				66924E592C6C8BA100088B66 /* XPCRecordAgent in Agent Bin */,
			);
			name = "Agent Bin";
			runOnlyForDeploymentPostprocessing = 0;
		};
/* End PBXCopyFilesBuildPhase section */

/* Begin PBXFileReference section */
		66924E262C6C89C100088B66 /* XPCRecord.app */ = {isa = PBXFileReference; explicitFileType = wrapper.application; includeInIndex = 0; path = XPCRecord.app; sourceTree = BUILT_PRODUCTS_DIR; };
		66924E412C6C8A7E00088B66 /* XPCRecordAgent */ = {isa = PBXFileReference; explicitFileType = "compiled.mach-o.executable"; includeInIndex = 0; path = XPCRecordAgent; sourceTree = BUILT_PRODUCTS_DIR; };
/* End PBXFileReference section */

/* Begin PBXFileSystemSynchronizedBuildFileExceptionSet section */
		66924E4F2C6C8AC200088B66 /* Exceptions for "Shared" folder in "XPCRecord" target */ = {
			isa = PBXFileSystemSynchronizedBuildFileExceptionSet;
			membershipExceptions = (
				IPC.swift,
			);
			target = 66924E252C6C89C100088B66 /* XPCRecord */;
		};
		66924E512C6C8ADF00088B66 /* Exceptions for "Shared" folder in "XPCRecordAgent" target */ = {
			isa = PBXFileSystemSynchronizedBuildFileExceptionSet;
			membershipExceptions = (
				IPC.swift,
			);
			target = 66924E402C6C8A7E00088B66 /* XPCRecordAgent */;
		};
		66924E552C6C8B6B00088B66 /* Exceptions for "XPCRecord" folder in "XPCRecord" target */ = {
			isa = PBXFileSystemSynchronizedBuildFileExceptionSet;
			membershipExceptions = (
				software.micropixels.XPCRecordAgent.plist,
			);
			target = 66924E252C6C89C100088B66 /* XPCRecord */;
		};
/* End PBXFileSystemSynchronizedBuildFileExceptionSet section */

/* Begin PBXFileSystemSynchronizedGroupBuildPhaseMembershipExceptionSet section */
		66924E572C6C8B8A00088B66 /* Exceptions for "XPCRecord" folder in "Agent Plist" phase from "XPCRecord" target */ = {
			isa = PBXFileSystemSynchronizedGroupBuildPhaseMembershipExceptionSet;
			buildPhase = 66924E542C6C8B6600088B66 /* Agent Plist */;
			membershipExceptions = (
				software.micropixels.XPCRecordAgent.plist,
			);
		};
/* End PBXFileSystemSynchronizedGroupBuildPhaseMembershipExceptionSet section */

/* Begin PBXFileSystemSynchronizedRootGroup section */
		66924E282C6C89C100088B66 /* XPCRecord */ = {
			isa = PBXFileSystemSynchronizedRootGroup;
			exceptions = (
				66924E552C6C8B6B00088B66 /* Exceptions for "XPCRecord" folder in "XPCRecord" target */,
				66924E572C6C8B8A00088B66 /* Exceptions for "XPCRecord" folder in "Agent Plist" phase from "XPCRecord" target */,
			);
			path = XPCRecord;
			sourceTree = "<group>";
		};
		66924E422C6C8A7E00088B66 /* XPCRecordAgent */ = {
			isa = PBXFileSystemSynchronizedRootGroup;
			path = XPCRecordAgent;
			sourceTree = "<group>";
		};
		66924E4B2C6C8AB600088B66 /* Shared */ = {
			isa = PBXFileSystemSynchronizedRootGroup;
			exceptions = (
				66924E4F2C6C8AC200088B66 /* Exceptions for "Shared" folder in "XPCRecord" target */,
				66924E512C6C8ADF00088B66 /* Exceptions for "Shared" folder in "XPCRecordAgent" target */,
			);
			path = Shared;
			sourceTree = "<group>";
		};
/* End PBXFileSystemSynchronizedRootGroup section */

/* Begin PBXFrameworksBuildPhase section */
		66924E232C6C89C100088B66 /* Frameworks */ = {
			isa = PBXFrameworksBuildPhase;
			buildActionMask = 2147483647;
			files = (
				66FA36712C6CB04700ED2B75 /* SecureXPC in Frameworks */,
			);
			runOnlyForDeploymentPostprocessing = 0;
		};
		66924E3E2C6C8A7E00088B66 /* Frameworks */ = {
			isa = PBXFrameworksBuildPhase;
			buildActionMask = 2147483647;
			files = (
				66FA36732C6CB05300ED2B75 /* SecureXPC in Frameworks */,
			);
			runOnlyForDeploymentPostprocessing = 0;
		};
/* End PBXFrameworksBuildPhase section */

/* Begin PBXGroup section */
		66924E1D2C6C89C100088B66 = {
			isa = PBXGroup;
			children = (
				66924E4B2C6C8AB600088B66 /* Shared */,
				66924E282C6C89C100088B66 /* XPCRecord */,
				66924E422C6C8A7E00088B66 /* XPCRecordAgent */,
				66924E482C6C8A8800088B66 /* Frameworks */,
				66924E272C6C89C100088B66 /* Products */,
			);
			sourceTree = "<group>";
		};
		66924E272C6C89C100088B66 /* Products */ = {
			isa = PBXGroup;
			children = (
				66924E262C6C89C100088B66 /* XPCRecord.app */,
				66924E412C6C8A7E00088B66 /* XPCRecordAgent */,
			);
			name = Products;
			sourceTree = "<group>";
		};
		66924E482C6C8A8800088B66 /* Frameworks */ = {
			isa = PBXGroup;
			children = (
			);
			name = Frameworks;
			sourceTree = "<group>";
		};
/* End PBXGroup section */

/* Begin PBXNativeTarget section */
		66924E252C6C89C100088B66 /* XPCRecord */ = {
			isa = PBXNativeTarget;
			buildConfigurationList = 66924E352C6C89C200088B66 /* Build configuration list for PBXNativeTarget "XPCRecord" */;
			buildPhases = (
				66924E222C6C89C100088B66 /* Sources */,
				66924E232C6C89C100088B66 /* Frameworks */,
				66924E242C6C89C100088B66 /* Resources */,
				66924E542C6C8B6600088B66 /* Agent Plist */,
				66924E582C6C8B9700088B66 /* Agent Bin */,
			);
			buildRules = (
			);
			dependencies = (
			);
			fileSystemSynchronizedGroups = (
				66924E282C6C89C100088B66 /* XPCRecord */,
			);
			name = XPCRecord;
			packageProductDependencies = (
				66FA36702C6CB04700ED2B75 /* SecureXPC */,
			);
			productName = XPCRecord;
			productReference = 66924E262C6C89C100088B66 /* XPCRecord.app */;
			productType = "com.apple.product-type.application";
		};
		66924E402C6C8A7E00088B66 /* XPCRecordAgent */ = {
			isa = PBXNativeTarget;
			buildConfigurationList = 66924E452C6C8A7E00088B66 /* Build configuration list for PBXNativeTarget "XPCRecordAgent" */;
			buildPhases = (
				66924E3D2C6C8A7E00088B66 /* Sources */,
				66924E3E2C6C8A7E00088B66 /* Frameworks */,
				66924E3F2C6C8A7E00088B66 /* CopyFiles */,
			);
			buildRules = (
			);
			dependencies = (
			);
			fileSystemSynchronizedGroups = (
				66924E422C6C8A7E00088B66 /* XPCRecordAgent */,
			);
			name = XPCRecordAgent;
			packageProductDependencies = (
				66FA36722C6CB05300ED2B75 /* SecureXPC */,
			);
			productName = XPCRecordAgent;
			productReference = 66924E412C6C8A7E00088B66 /* XPCRecordAgent */;
			productType = "com.apple.product-type.tool";
		};
/* End PBXNativeTarget section */

/* Begin PBXProject section */
		66924E1E2C6C89C100088B66 /* Project object */ = {
			isa = PBXProject;
			attributes = {
				BuildIndependentTargetsInParallel = 1;
				LastSwiftUpdateCheck = 1600;
				LastUpgradeCheck = 1600;
				TargetAttributes = {
					66924E252C6C89C100088B66 = {
						CreatedOnToolsVersion = 16.0;
					};
					66924E402C6C8A7E00088B66 = {
						CreatedOnToolsVersion = 16.0;
					};
				};
			};
			buildConfigurationList = 66924E212C6C89C100088B66 /* Build configuration list for PBXProject "XPCRecord" */;
			developmentRegion = en;
			hasScannedForEncodings = 0;
			knownRegions = (
				en,
				Base,
			);
			mainGroup = 66924E1D2C6C89C100088B66;
			minimizedProjectReferenceProxies = 1;
			packageReferences = (
				66FA366F2C6CB04700ED2B75 /* XCRemoteSwiftPackageReference "SecureXPC" */,
			);
			preferredProjectObjectVersion = 77;
			productRefGroup = 66924E272C6C89C100088B66 /* Products */;
			projectDirPath = "";
			projectRoot = "";
			targets = (
				66924E252C6C89C100088B66 /* XPCRecord */,
				66924E402C6C8A7E00088B66 /* XPCRecordAgent */,
			);
		};
/* End PBXProject section */

/* Begin PBXResourcesBuildPhase section */
		66924E242C6C89C100088B66 /* Resources */ = {
			isa = PBXResourcesBuildPhase;
			buildActionMask = 2147483647;
			files = (
			);
			runOnlyForDeploymentPostprocessing = 0;
		};
/* End PBXResourcesBuildPhase section */

/* Begin PBXSourcesBuildPhase section */
		66924E222C6C89C100088B66 /* Sources */ = {
			isa = PBXSourcesBuildPhase;
			buildActionMask = 2147483647;
			files = (
			);
			runOnlyForDeploymentPostprocessing = 0;
		};
		66924E3D2C6C8A7E00088B66 /* Sources */ = {
			isa = PBXSourcesBuildPhase;
			buildActionMask = 2147483647;
			files = (
			);
			runOnlyForDeploymentPostprocessing = 0;
		};
/* End PBXSourcesBuildPhase section */

/* Begin XCBuildConfiguration section */
		66924E332C6C89C200088B66 /* Debug */ = {
			isa = XCBuildConfiguration;
			buildSettings = {
				ALWAYS_SEARCH_USER_PATHS = NO;
				ASSETCATALOG_COMPILER_GENERATE_SWIFT_ASSET_SYMBOL_EXTENSIONS = YES;
				CLANG_ANALYZER_NONNULL = YES;
				CLANG_ANALYZER_NUMBER_OBJECT_CONVERSION = YES_AGGRESSIVE;
				CLANG_CXX_LANGUAGE_STANDARD = "gnu++20";
				CLANG_ENABLE_MODULES = YES;
				CLANG_ENABLE_OBJC_ARC = YES;
				CLANG_ENABLE_OBJC_WEAK = YES;
				CLANG_WARN_BLOCK_CAPTURE_AUTORELEASING = YES;
				CLANG_WARN_BOOL_CONVERSION = YES;
				CLANG_WARN_COMMA = YES;
				CLANG_WARN_CONSTANT_CONVERSION = YES;
				CLANG_WARN_DEPRECATED_OBJC_IMPLEMENTATIONS = YES;
				CLANG_WARN_DIRECT_OBJC_ISA_USAGE = YES_ERROR;
				CLANG_WARN_DOCUMENTATION_COMMENTS = YES;
				CLANG_WARN_EMPTY_BODY = YES;
				CLANG_WARN_ENUM_CONVERSION = YES;
				CLANG_WARN_INFINITE_RECURSION = YES;
				CLANG_WARN_INT_CONVERSION = YES;
				CLANG_WARN_NON_LITERAL_NULL_CONVERSION = YES;
				CLANG_WARN_OBJC_IMPLICIT_RETAIN_SELF = YES;
				CLANG_WARN_OBJC_LITERAL_CONVERSION = YES;
				CLANG_WARN_OBJC_ROOT_CLASS = YES_ERROR;
				CLANG_WARN_QUOTED_INCLUDE_IN_FRAMEWORK_HEADER = YES;
				CLANG_WARN_RANGE_LOOP_ANALYSIS = YES;
				CLANG_WARN_STRICT_PROTOTYPES = YES;
				CLANG_WARN_SUSPICIOUS_MOVE = YES;
				CLANG_WARN_UNGUARDED_AVAILABILITY = YES_AGGRESSIVE;
				CLANG_WARN_UNREACHABLE_CODE = YES;
				CLANG_WARN__DUPLICATE_METHOD_MATCH = YES;
				COPY_PHASE_STRIP = NO;
				DEBUG_INFORMATION_FORMAT = dwarf;
				ENABLE_STRICT_OBJC_MSGSEND = YES;
				ENABLE_TESTABILITY = YES;
				ENABLE_USER_SCRIPT_SANDBOXING = YES;
				GCC_C_LANGUAGE_STANDARD = gnu17;
				GCC_DYNAMIC_NO_PIC = NO;
				GCC_NO_COMMON_BLOCKS = YES;
				GCC_OPTIMIZATION_LEVEL = 0;
				GCC_PREPROCESSOR_DEFINITIONS = (
					"DEBUG=1",
					"$(inherited)",
				);
				GCC_WARN_64_TO_32_BIT_CONVERSION = YES;
				GCC_WARN_ABOUT_RETURN_TYPE = YES_ERROR;
				GCC_WARN_UNDECLARED_SELECTOR = YES;
				GCC_WARN_UNINITIALIZED_AUTOS = YES_AGGRESSIVE;
				GCC_WARN_UNUSED_FUNCTION = YES;
				GCC_WARN_UNUSED_VARIABLE = YES;
				LOCALIZATION_PREFERS_STRING_CATALOGS = YES;
				MACOSX_DEPLOYMENT_TARGET = 15.0;
				MTL_ENABLE_DEBUG_INFO = INCLUDE_SOURCE;
				MTL_FAST_MATH = YES;
				ONLY_ACTIVE_ARCH = YES;
				SDKROOT = macosx;
				SWIFT_ACTIVE_COMPILATION_CONDITIONS = "DEBUG $(inherited)";
				SWIFT_OPTIMIZATION_LEVEL = "-Onone";
			};
			name = Debug;
		};
		66924E342C6C89C200088B66 /* Release */ = {
			isa = XCBuildConfiguration;
			buildSettings = {
				ALWAYS_SEARCH_USER_PATHS = NO;
				ASSETCATALOG_COMPILER_GENERATE_SWIFT_ASSET_SYMBOL_EXTENSIONS = YES;
				CLANG_ANALYZER_NONNULL = YES;
				CLANG_ANALYZER_NUMBER_OBJECT_CONVERSION = YES_AGGRESSIVE;
				CLANG_CXX_LANGUAGE_STANDARD = "gnu++20";
				CLANG_ENABLE_MODULES = YES;
				CLANG_ENABLE_OBJC_ARC = YES;
				CLANG_ENABLE_OBJC_WEAK = YES;
				CLANG_WARN_BLOCK_CAPTURE_AUTORELEASING = YES;
				CLANG_WARN_BOOL_CONVERSION = YES;
				CLANG_WARN_COMMA = YES;
				CLANG_WARN_CONSTANT_CONVERSION = YES;
				CLANG_WARN_DEPRECATED_OBJC_IMPLEMENTATIONS = YES;
				CLANG_WARN_DIRECT_OBJC_ISA_USAGE = YES_ERROR;
				CLANG_WARN_DOCUMENTATION_COMMENTS = YES;
				CLANG_WARN_EMPTY_BODY = YES;
				CLANG_WARN_ENUM_CONVERSION = YES;
				CLANG_WARN_INFINITE_RECURSION = YES;
				CLANG_WARN_INT_CONVERSION = YES;
				CLANG_WARN_NON_LITERAL_NULL_CONVERSION = YES;
				CLANG_WARN_OBJC_IMPLICIT_RETAIN_SELF = YES;
				CLANG_WARN_OBJC_LITERAL_CONVERSION = YES;
				CLANG_WARN_OBJC_ROOT_CLASS = YES_ERROR;
				CLANG_WARN_QUOTED_INCLUDE_IN_FRAMEWORK_HEADER = YES;
				CLANG_WARN_RANGE_LOOP_ANALYSIS = YES;
				CLANG_WARN_STRICT_PROTOTYPES = YES;
				CLANG_WARN_SUSPICIOUS_MOVE = YES;
				CLANG_WARN_UNGUARDED_AVAILABILITY = YES_AGGRESSIVE;
				CLANG_WARN_UNREACHABLE_CODE = YES;
				CLANG_WARN__DUPLICATE_METHOD_MATCH = YES;
				COPY_PHASE_STRIP = NO;
				DEBUG_INFORMATION_FORMAT = "dwarf-with-dsym";
				ENABLE_NS_ASSERTIONS = NO;
				ENABLE_STRICT_OBJC_MSGSEND = YES;
				ENABLE_USER_SCRIPT_SANDBOXING = YES;
				GCC_C_LANGUAGE_STANDARD = gnu17;
				GCC_NO_COMMON_BLOCKS = YES;
				GCC_WARN_64_TO_32_BIT_CONVERSION = YES;
				GCC_WARN_ABOUT_RETURN_TYPE = YES_ERROR;
				GCC_WARN_UNDECLARED_SELECTOR = YES;
				GCC_WARN_UNINITIALIZED_AUTOS = YES_AGGRESSIVE;
				GCC_WARN_UNUSED_FUNCTION = YES;
				GCC_WARN_UNUSED_VARIABLE = YES;
				LOCALIZATION_PREFERS_STRING_CATALOGS = YES;
				MACOSX_DEPLOYMENT_TARGET = 15.0;
				MTL_ENABLE_DEBUG_INFO = NO;
				MTL_FAST_MATH = YES;
				SDKROOT = macosx;
				SWIFT_COMPILATION_MODE = wholemodule;
			};
			name = Release;
		};
		66924E362C6C89C200088B66 /* Debug */ = {
			isa = XCBuildConfiguration;
			buildSettings = {
				ASSETCATALOG_COMPILER_APPICON_NAME = AppIcon;
				ASSETCATALOG_COMPILER_GLOBAL_ACCENT_COLOR_NAME = AccentColor;
				CODE_SIGN_ENTITLEMENTS = XPCRecord/XPCRecord.entitlements;
				CODE_SIGN_STYLE = Automatic;
				COMBINE_HIDPI_IMAGES = YES;
				CURRENT_PROJECT_VERSION = 1;
				DEVELOPMENT_ASSET_PATHS = "\"XPCRecord/Preview Content\"";
				DEVELOPMENT_TEAM = YL78V8PY6H;
				ENABLE_HARDENED_RUNTIME = YES;
				ENABLE_PREVIEWS = YES;
				GENERATE_INFOPLIST_FILE = YES;
				INFOPLIST_KEY_NSHumanReadableCopyright = "";
				LD_RUNPATH_SEARCH_PATHS = (
					"$(inherited)",
					"@executable_path/../Frameworks",
				);
				MACOSX_DEPLOYMENT_TARGET = 13.0;
				MARKETING_VERSION = 1.0;
				PRODUCT_BUNDLE_IDENTIFIER = software.micropixels.XPCRecord;
				PRODUCT_NAME = "$(TARGET_NAME)";
				SWIFT_EMIT_LOC_STRINGS = YES;
				SWIFT_VERSION = 5.0;
			};
			name = Debug;
		};
		66924E372C6C89C200088B66 /* Release */ = {
			isa = XCBuildConfiguration;
			buildSettings = {
				ASSETCATALOG_COMPILER_APPICON_NAME = AppIcon;
				ASSETCATALOG_COMPILER_GLOBAL_ACCENT_COLOR_NAME = AccentColor;
				CODE_SIGN_ENTITLEMENTS = XPCRecord/XPCRecord.entitlements;
				CODE_SIGN_STYLE = Automatic;
				COMBINE_HIDPI_IMAGES = YES;
				CURRENT_PROJECT_VERSION = 1;
				DEVELOPMENT_ASSET_PATHS = "\"XPCRecord/Preview Content\"";
				DEVELOPMENT_TEAM = YL78V8PY6H;
				ENABLE_HARDENED_RUNTIME = YES;
				ENABLE_PREVIEWS = YES;
				GENERATE_INFOPLIST_FILE = YES;
				INFOPLIST_KEY_NSHumanReadableCopyright = "";
				LD_RUNPATH_SEARCH_PATHS = (
					"$(inherited)",
					"@executable_path/../Frameworks",
				);
				MACOSX_DEPLOYMENT_TARGET = 13.0;
				MARKETING_VERSION = 1.0;
				PRODUCT_BUNDLE_IDENTIFIER = software.micropixels.XPCRecord;
				PRODUCT_NAME = "$(TARGET_NAME)";
				SWIFT_EMIT_LOC_STRINGS = YES;
				SWIFT_VERSION = 5.0;
			};
			name = Release;
		};
		66924E462C6C8A7E00088B66 /* Debug */ = {
			isa = XCBuildConfiguration;
			buildSettings = {
				CODE_SIGN_ENTITLEMENTS = XPCRecordAgent/XPCRecordAgent.entitlements;
				CODE_SIGN_INJECT_BASE_ENTITLEMENTS = NO;
				CODE_SIGN_STYLE = Automatic;
				DEVELOPMENT_TEAM = YL78V8PY6H;
				ENABLE_HARDENED_RUNTIME = YES;
				MACOSX_DEPLOYMENT_TARGET = 13.0;
				PRODUCT_BUNDLE_IDENTIFIER = software.micropixels.XPCRecordAgent;
				PRODUCT_NAME = "$(TARGET_NAME)";
				SKIP_INSTALL = YES;
				SWIFT_VERSION = 5.0;
			};
			name = Debug;
		};
		66924E472C6C8A7E00088B66 /* Release */ = {
			isa = XCBuildConfiguration;
			buildSettings = {
				CODE_SIGN_ENTITLEMENTS = XPCRecordAgent/XPCRecordAgent.entitlements;
				CODE_SIGN_INJECT_BASE_ENTITLEMENTS = NO;
				CODE_SIGN_STYLE = Automatic;
				DEVELOPMENT_TEAM = YL78V8PY6H;
				ENABLE_HARDENED_RUNTIME = YES;
				MACOSX_DEPLOYMENT_TARGET = 13.0;
				PRODUCT_BUNDLE_IDENTIFIER = software.micropixels.XPCRecordAgent;
				PRODUCT_NAME = "$(TARGET_NAME)";
				SKIP_INSTALL = YES;
				SWIFT_VERSION = 5.0;
			};
			name = Release;
		};
/* End XCBuildConfiguration section */

/* Begin XCConfigurationList section */
		66924E212C6C89C100088B66 /* Build configuration list for PBXProject "XPCRecord" */ = {
			isa = XCConfigurationList;
			buildConfigurations = (
				66924E332C6C89C200088B66 /* Debug */,
				66924E342C6C89C200088B66 /* Release */,
			);
			defaultConfigurationIsVisible = 0;
			defaultConfigurationName = Release;
		};
		66924E352C6C89C200088B66 /* Build configuration list for PBXNativeTarget "XPCRecord" */ = {
			isa = XCConfigurationList;
			buildConfigurations = (
				66924E362C6C89C200088B66 /* Debug */,
				66924E372C6C89C200088B66 /* Release */,
			);
			defaultConfigurationIsVisible = 0;
			defaultConfigurationName = Release;
		};
		66924E452C6C8A7E00088B66 /* Build configuration list for PBXNativeTarget "XPCRecordAgent" */ = {
			isa = XCConfigurationList;
			buildConfigurations = (
				66924E462C6C8A7E00088B66 /* Debug */,
				66924E472C6C8A7E00088B66 /* Release */,
			);
			defaultConfigurationIsVisible = 0;
			defaultConfigurationName = Release;
		};
/* End XCConfigurationList section */

/* Begin XCRemoteSwiftPackageReference section */
		66FA366F2C6CB04700ED2B75 /* XCRemoteSwiftPackageReference "SecureXPC" */ = {
			isa = XCRemoteSwiftPackageReference;
			repositoryURL = "https://github.com/rurza/SecureXPC";
			requirement = {
				branch = "fix-SMAppService-agent";
				kind = branch;
			};
		};
/* End XCRemoteSwiftPackageReference section */

/* Begin XCSwiftPackageProductDependency section */
		66FA36702C6CB04700ED2B75 /* SecureXPC */ = {
			isa = XCSwiftPackageProductDependency;
			package = 66FA366F2C6CB04700ED2B75 /* XCRemoteSwiftPackageReference "SecureXPC" */;
			productName = SecureXPC;
		};
		66FA36722C6CB05300ED2B75 /* SecureXPC */ = {
			isa = XCSwiftPackageProductDependency;
			package = 66FA366F2C6CB04700ED2B75 /* XCRemoteSwiftPackageReference "SecureXPC" */;
			productName = SecureXPC;
		};
/* End XCSwiftPackageProductDependency section */
	};
	rootObject = 66924E1E2C6C89C100088B66 /* Project object */;
}
